
Microsoft Visual Studio Solution File, Format Version 12.00
# Visual Studio Version 17
VisualStudioVersion = 17.10.34804.81
MinimumVisualStudioVersion = 10.0.40219.1
Project("{FAE04EC0-301F-11D3-BF4B-00C04F79EFBC}") = "DoAnCoSo", "DoAnCoSo\DoAnCoSo.csproj", "{B6E7A187-281D-4BB6-B1CB-96A10936D637}"
EndProject
Global
	GlobalSection(SolutionConfigurationPlatforms) = preSolution
		Debug|Any CPU = Debug|Any CPU
		Release|Any CPU = Release|Any CPU
	EndGlobalSection
	GlobalSection(ProjectConfigurationPlatforms) = postSolution
		{B6E7A187-281D-4BB6-B1CB-96A10936D637}.Debug|Any CPU.ActiveCfg = Debug|Any CPU
		{B6E7A187-281D-4BB6-B1CB-96A10936D637}.Debug|Any CPU.Build.0 = Debug|Any CPU
		{B6E7A187-281D-4BB6-B1CB-96A10936D637}.Release|Any CPU.ActiveCfg = Release|Any CPU
		{B6E7A187-281D-4BB6-B1CB-96A10936D637}.Release|Any CPU.Build.0 = Release|Any CPU
	EndGlobalSection
	GlobalSection(SolutionProperties) = preSolution
		HideSolutionNode = FALSE
	EndGlobalSection
	GlobalSection(ExtensibilityGlobals) = postSolution
		SolutionGuid = {F84D198C-396E-41B3-B682-26C2A916FBC0}
	EndGlobalSection
EndGlobal
